
Microsoft Visual Studio Solution File, Format Version 12.00
# Visual Studio Version 17
VisualStudioVersion = 17.1.32228.430
MinimumVisualStudioVersion = 10.0.40219.1
Project("{FAE04EC0-301F-11D3-BF4B-00C04F79EFBC}") = "ErpSystemOpgave", "ErpSystemOpgave\ErpSystemOpgave.csproj", "{157383A9-011F-47D1-ACEB-4D3596AFC323}"
EndProject
Project("{FAE04EC0-301F-11D3-BF4B-00C04F79EFBC}") = "UnitTestErp", "UnitTestErp\UnitTestErp.csproj", "{66112330-B7DB-4DA6-AF05-3DA2CFB63755}"
EndProject
Project("{FAE04EC0-301F-11D3-BF4B-00C04F79EFBC}") = "TECHCOOL", "TECHCOOL\TECHCOOL.csproj", "{c187ced2-8286-444a-9f49-4ba4fb75be53}"
EndProject
Global
	GlobalSection(SolutionConfigurationPlatforms) = preSolution
		Debug|Any CPU = Debug|Any CPU
		Release|Any CPU = Release|Any CPU
	EndGlobalSection
	GlobalSection(ProjectConfigurationPlatforms) = postSolution
		{157383A9-011F-47D1-ACEB-4D3596AFC323}.Debug|Any CPU.ActiveCfg = Debug|Any CPU
		{157383A9-011F-47D1-ACEB-4D3596AFC323}.Debug|Any CPU.Build.0 = Debug|Any CPU
		{157383A9-011F-47D1-ACEB-4D3596AFC323}.Release|Any CPU.ActiveCfg = Release|Any CPU
		{157383A9-011F-47D1-ACEB-4D3596AFC323}.Release|Any CPU.Build.0 = Release|Any CPU
		{66112330-B7DB-4DA6-AF05-3DA2CFB63755}.Debug|Any CPU.ActiveCfg = Debug|Any CPU
		{66112330-B7DB-4DA6-AF05-3DA2CFB63755}.Debug|Any CPU.Build.0 = Debug|Any CPU
		{66112330-B7DB-4DA6-AF05-3DA2CFB63755}.Release|Any CPU.ActiveCfg = Release|Any CPU
		{66112330-B7DB-4DA6-AF05-3DA2CFB63755}.Release|Any CPU.Build.0 = Release|Any CPU
	EndGlobalSection
	GlobalSection(SolutionProperties) = preSolution
		HideSolutionNode = FALSE
	EndGlobalSection
	GlobalSection(ExtensibilityGlobals) = postSolution
		SolutionGuid = {D6DFDB67-02AD-4C62-BD9F-3FE075E0773D}
	EndGlobalSection
EndGlobal
